// !$*UTF8*$!
{
	archiveVersion = 1;
	classes = {
	};
	objectVersion = 46;
	objects = {

/* Begin PBXBuildFile section */
		75A67A2E1E98955700B70520 /* AppDelegate.swift in Sources */ = {isa = PBXBuildFile; fileRef = 75A67A2D1E98955700B70520 /* AppDelegate.swift */; };
		75A67A301E98955700B70520 /* ViewController.swift in Sources */ = {isa = PBXBuildFile; fileRef = 75A67A2F1E98955700B70520 /* ViewController.swift */; };
		75A67A331E98955800B70520 /* Main.storyboard in Resources */ = {isa = PBXBuildFile; fileRef = 75A67A311E98955800B70520 /* Main.storyboard */; };
		75A67A351E98955800B70520 /* Assets.xcassets in Resources */ = {isa = PBXBuildFile; fileRef = 75A67A341E98955800B70520 /* Assets.xcassets */; };
		75A67A381E98955800B70520 /* LaunchScreen.storyboard in Resources */ = {isa = PBXBuildFile; fileRef = 75A67A361E98955800B70520 /* LaunchScreen.storyboard */; };
		75A67A421E99431D00B70520 /* LocationTableViewCell.swift in Sources */ = {isa = PBXBuildFile; fileRef = 75A67A411E99431D00B70520 /* LocationTableViewCell.swift */; };
		75A67A441E99448600B70520 /* TableViewController.swift in Sources */ = {isa = PBXBuildFile; fileRef = 75A67A431E99448600B70520 /* TableViewController.swift */; };
		C27BCC0966BD3FD045D4EE66 /* Pods_TestFBAPI.framework in Frameworks */ = {isa = PBXBuildFile; fileRef = 14270E63C6C04C2565E1971C /* Pods_TestFBAPI.framework */; };
/* End PBXBuildFile section */

/* Begin PBXFileReference section */
		14270E63C6C04C2565E1971C /* Pods_TestFBAPI.framework */ = {isa = PBXFileReference; explicitFileType = wrapper.framework; includeInIndex = 0; path = Pods_TestFBAPI.framework; sourceTree = BUILT_PRODUCTS_DIR; };
		4FA9F18B45A47381FFE0742F /* Pods-TestFBAPI.release.xcconfig */ = {isa = PBXFileReference; includeInIndex = 1; lastKnownFileType = text.xcconfig; name = "Pods-TestFBAPI.release.xcconfig"; path = "Pods/Target Support Files/Pods-TestFBAPI/Pods-TestFBAPI.release.xcconfig"; sourceTree = "<group>"; };
		75A67A2A1E98955700B70520 /* TestFBAPI.app */ = {isa = PBXFileReference; explicitFileType = wrapper.application; includeInIndex = 0; path = TestFBAPI.app; sourceTree = BUILT_PRODUCTS_DIR; };
		75A67A2D1E98955700B70520 /* AppDelegate.swift */ = {isa = PBXFileReference; lastKnownFileType = sourcecode.swift; path = AppDelegate.swift; sourceTree = "<group>"; };
		75A67A2F1E98955700B70520 /* ViewController.swift */ = {isa = PBXFileReference; lastKnownFileType = sourcecode.swift; path = ViewController.swift; sourceTree = "<group>"; };
		75A67A321E98955800B70520 /* Base */ = {isa = PBXFileReference; lastKnownFileType = file.storyboard; name = Base; path = Base.lproj/Main.storyboard; sourceTree = "<group>"; };
		75A67A341E98955800B70520 /* Assets.xcassets */ = {isa = PBXFileReference; lastKnownFileType = folder.assetcatalog; path = Assets.xcassets; sourceTree = "<group>"; };
		75A67A371E98955800B70520 /* Base */ = {isa = PBXFileReference; lastKnownFileType = file.storyboard; name = Base; path = Base.lproj/LaunchScreen.storyboard; sourceTree = "<group>"; };
		75A67A391E98955800B70520 /* Info.plist */ = {isa = PBXFileReference; lastKnownFileType = text.plist.xml; path = Info.plist; sourceTree = "<group>"; };
		75A67A411E99431D00B70520 /* LocationTableViewCell.swift */ = {isa = PBXFileReference; fileEncoding = 4; lastKnownFileType = sourcecode.swift; path = LocationTableViewCell.swift; sourceTree = "<group>"; };
		75A67A431E99448600B70520 /* TableViewController.swift */ = {isa = PBXFileReference; fileEncoding = 4; lastKnownFileType = sourcecode.swift; path = TableViewController.swift; sourceTree = "<group>"; };
		7F058D0CDC6AB81B41375228 /* Pods-TestFBAPI.debug.xcconfig */ = {isa = PBXFileReference; includeInIndex = 1; lastKnownFileType = text.xcconfig; name = "Pods-TestFBAPI.debug.xcconfig"; path = "Pods/Target Support Files/Pods-TestFBAPI/Pods-TestFBAPI.debug.xcconfig"; sourceTree = "<group>"; };
/* End PBXFileReference section */

/* Begin PBXFrameworksBuildPhase section */
		75A67A271E98955600B70520 /* Frameworks */ = {
			isa = PBXFrameworksBuildPhase;
			buildActionMask = 2147483647;
			files = (
				C27BCC0966BD3FD045D4EE66 /* Pods_TestFBAPI.framework in Frameworks */,
			);
			runOnlyForDeploymentPostprocessing = 0;
		};
/* End PBXFrameworksBuildPhase section */

/* Begin PBXGroup section */
		75A67A211E98955600B70520 = {
			isa = PBXGroup;
			children = (
				75A67A2C1E98955700B70520 /* TestFBAPI */,
				75A67A2B1E98955700B70520 /* Products */,
				AB0620DC0666753BCF585C39 /* Pods */,
				7D6896EE9BA7FF16D6253E08 /* Frameworks */,
			);
			sourceTree = "<group>";
		};
		75A67A2B1E98955700B70520 /* Products */ = {
			isa = PBXGroup;
			children = (
				75A67A2A1E98955700B70520 /* TestFBAPI.app */,
			);
			name = Products;
			sourceTree = "<group>";
		};
		75A67A2C1E98955700B70520 /* TestFBAPI */ = {
			isa = PBXGroup;
			children = (
				75A67A2D1E98955700B70520 /* AppDelegate.swift */,
				75A67A411E99431D00B70520 /* LocationTableViewCell.swift */,
				75A67A431E99448600B70520 /* TableViewController.swift */,
				75A67A2F1E98955700B70520 /* ViewController.swift */,
				75A67A311E98955800B70520 /* Main.storyboard */,
				75A67A341E98955800B70520 /* Assets.xcassets */,
				75A67A361E98955800B70520 /* LaunchScreen.storyboard */,
				75A67A391E98955800B70520 /* Info.plist */,
			);
			path = TestFBAPI;
			sourceTree = "<group>";
		};
		7D6896EE9BA7FF16D6253E08 /* Frameworks */ = {
			isa = PBXGroup;
			children = (
				14270E63C6C04C2565E1971C /* Pods_TestFBAPI.framework */,
			);
			name = Frameworks;
			sourceTree = "<group>";
		};
		AB0620DC0666753BCF585C39 /* Pods */ = {
			isa = PBXGroup;
			children = (
				7F058D0CDC6AB81B41375228 /* Pods-TestFBAPI.debug.xcconfig */,
				4FA9F18B45A47381FFE0742F /* Pods-TestFBAPI.release.xcconfig */,
			);
			name = Pods;
			sourceTree = "<group>";
		};
/* End PBXGroup section */

/* Begin PBXNativeTarget section */
		75A67A291E98955600B70520 /* TestFBAPI */ = {
			isa = PBXNativeTarget;
			buildConfigurationList = 75A67A3C1E98955800B70520 /* Build configuration list for PBXNativeTarget "TestFBAPI" */;
			buildPhases = (
				110847A8BBAFD84BD6F193A4 /* [CP] Check Pods Manifest.lock */,
				75A67A261E98955600B70520 /* Sources */,
				75A67A271E98955600B70520 /* Frameworks */,
				75A67A281E98955600B70520 /* Resources */,
				805C68EA4F0A131377DFEF6C /* [CP] Embed Pods Frameworks */,
				4F59B860DF57D25EA1527C9B /* [CP] Copy Pods Resources */,
			);
			buildRules = (
			);
			dependencies = (
			);
			name = TestFBAPI;
			productName = TestFBAPI;
			productReference = 75A67A2A1E98955700B70520 /* TestFBAPI.app */;
			productType = "com.apple.product-type.application";
		};
/* End PBXNativeTarget section */

/* Begin PBXProject section */
		75A67A221E98955600B70520 /* Project object */ = {
			isa = PBXProject;
			attributes = {
				LastSwiftUpdateCheck = 0820;
				LastUpgradeCheck = 0820;
				ORGANIZATIONNAME = Richard;
				TargetAttributes = {
					75A67A291E98955600B70520 = {
						CreatedOnToolsVersion = 8.2.1;
						ProvisioningStyle = Automatic;
					};
				};
			};
			buildConfigurationList = 75A67A251E98955600B70520 /* Build configuration list for PBXProject "TestFBAPI" */;
			compatibilityVersion = "Xcode 3.2";
			developmentRegion = English;
			hasScannedForEncodings = 0;
			knownRegions = (
				en,
				Base,
			);
			mainGroup = 75A67A211E98955600B70520;
			productRefGroup = 75A67A2B1E98955700B70520 /* Products */;
			projectDirPath = "";
			projectRoot = "";
			targets = (
				75A67A291E98955600B70520 /* TestFBAPI */,
			);
		};
/* End PBXProject section */

/* Begin PBXResourcesBuildPhase section */
		75A67A281E98955600B70520 /* Resources */ = {
			isa = PBXResourcesBuildPhase;
			buildActionMask = 2147483647;
			files = (
				75A67A381E98955800B70520 /* LaunchScreen.storyboard in Resources */,
				75A67A351E98955800B70520 /* Assets.xcassets in Resources */,
				75A67A331E98955800B70520 /* Main.storyboard in Resources */,
			);
			runOnlyForDeploymentPostprocessing = 0;
		};
/* End PBXResourcesBuildPhase section */

/* Begin PBXShellScriptBuildPhase section */
		110847A8BBAFD84BD6F193A4 /* [CP] Check Pods Manifest.lock */ = {
			isa = PBXShellScriptBuildPhase;
			buildActionMask = 2147483647;
			files = (
			);
			inputPaths = (
			);
			name = "[CP] Check Pods Manifest.lock";
			outputPaths = (
			);
			runOnlyForDeploymentPostprocessing = 0;
			shellPath = /bin/sh;
			shellScript = "diff \"${PODS_ROOT}/../Podfile.lock\" \"${PODS_ROOT}/Manifest.lock\" > /dev/null\nif [ $? != 0 ] ; then\n    # print error to STDERR\n    echo \"error: The sandbox is not in sync with the Podfile.lock. Run 'pod install' or update your CocoaPods installation.\" >&2\n    exit 1\nfi\n";
			showEnvVarsInLog = 0;
		};
		4F59B860DF57D25EA1527C9B /* [CP] Copy Pods Resources */ = {
			isa = PBXShellScriptBuildPhase;
			buildActionMask = 2147483647;
			files = (
			);
			inputPaths = (
			);
			name = "[CP] Copy Pods Resources";
			outputPaths = (
			);
			runOnlyForDeploymentPostprocessing = 0;
			shellPath = /bin/sh;
			shellScript = "\"${SRCROOT}/Pods/Target Support Files/Pods-TestFBAPI/Pods-TestFBAPI-resources.sh\"\n";
			showEnvVarsInLog = 0;
		};
		805C68EA4F0A131377DFEF6C /* [CP] Embed Pods Frameworks */ = {
			isa = PBXShellScriptBuildPhase;
			buildActionMask = 2147483647;
			files = (
			);
			inputPaths = (
			);
			name = "[CP] Embed Pods Frameworks";
			outputPaths = (
			);
			runOnlyForDeploymentPostprocessing = 0;
			shellPath = /bin/sh;
			shellScript = "\"${SRCROOT}/Pods/Target Support Files/Pods-TestFBAPI/Pods-TestFBAPI-frameworks.sh\"\n";
			showEnvVarsInLog = 0;
		};
/* End PBXShellScriptBuildPhase section */

/* Begin PBXSourcesBuildPhase section */
		75A67A261E98955600B70520 /* Sources */ = {
			isa = PBXSourcesBuildPhase;
			buildActionMask = 2147483647;
			files = (
				75A67A301E98955700B70520 /* ViewController.swift in Sources */,
				75A67A2E1E98955700B70520 /* AppDelegate.swift in Sources */,
				75A67A421E99431D00B70520 /* LocationTableViewCell.swift in Sources */,
				75A67A441E99448600B70520 /* TableViewController.swift in Sources */,
			);
			runOnlyForDeploymentPostprocessing = 0;
		};
/* End PBXSourcesBuildPhase section */

/* Begin PBXVariantGroup section */
		75A67A311E98955800B70520 /* Main.storyboard */ = {
			isa = PBXVariantGroup;
			children = (
				75A67A321E98955800B70520 /* Base */,
			);
			name = Main.storyboard;
			sourceTree = "<group>";
		};
		75A67A361E98955800B70520 /* LaunchScreen.storyboard */ = {
			isa = PBXVariantGroup;
			children = (
				75A67A371E98955800B70520 /* Base */,
			);
			name = LaunchScreen.storyboard;
			sourceTree = "<group>";
		};
/* End PBXVariantGroup section */

/* Begin XCBuildConfiguration section */
		75A67A3A1E98955800B70520 /* Debug */ = {
			isa = XCBuildConfiguration;
			buildSettings = {
				ALWAYS_SEARCH_USER_PATHS = NO;
				CLANG_ANALYZER_NONNULL = YES;
				CLANG_CXX_LANGUAGE_STANDARD = "gnu++0x";
				CLANG_CXX_LIBRARY = "libc++";
				CLANG_ENABLE_MODULES = YES;
				CLANG_ENABLE_OBJC_ARC = YES;
				CLANG_WARN_BOOL_CONVERSION = YES;
				CLANG_WARN_CONSTANT_CONVERSION = YES;
				CLANG_WARN_DIRECT_OBJC_ISA_USAGE = YES_ERROR;
				CLANG_WARN_DOCUMENTATION_COMMENTS = YES;
				CLANG_WARN_EMPTY_BODY = YES;
				CLANG_WARN_ENUM_CONVERSION = YES;
				CLANG_WARN_INFINITE_RECURSION = YES;
				CLANG_WARN_INT_CONVERSION = YES;
				CLANG_WARN_OBJC_ROOT_CLASS = YES_ERROR;
				CLANG_WARN_SUSPICIOUS_MOVE = YES;
				CLANG_WARN_UNREACHABLE_CODE = YES;
				CLANG_WARN__DUPLICATE_METHOD_MATCH = YES;
				"CODE_SIGN_IDENTITY[sdk=iphoneos*]" = "iPhone Developer";
				COPY_PHASE_STRIP = NO;
				DEBUG_INFORMATION_FORMAT = dwarf;
				ENABLE_STRICT_OBJC_MSGSEND = YES;
				ENABLE_TESTABILITY = YES;
				GCC_C_LANGUAGE_STANDARD = gnu99;
				GCC_DYNAMIC_NO_PIC = NO;
				GCC_NO_COMMON_BLOCKS = YES;
				GCC_OPTIMIZATION_LEVEL = 0;
				GCC_PREPROCESSOR_DEFINITIONS = (
					"DEBUG=1",
					"$(inherited)",
				);
				GCC_WARN_64_TO_32_BIT_CONVERSION = YES;
				GCC_WARN_ABOUT_RETURN_TYPE = YES_ERROR;
				GCC_WARN_UNDECLARED_SELECTOR = YES;
				GCC_WARN_UNINITIALIZED_AUTOS = YES_AGGRESSIVE;
				GCC_WARN_UNUSED_FUNCTION = YES;
				GCC_WARN_UNUSED_VARIABLE = YES;
				IPHONEOS_DEPLOYMENT_TARGET = 10.2;
				MTL_ENABLE_DEBUG_INFO = YES;
				ONLY_ACTIVE_ARCH = YES;
				SDKROOT = iphoneos;
				SWIFT_ACTIVE_COMPILATION_CONDITIONS = DEBUG;
				SWIFT_OPTIMIZATION_LEVEL = "-Onone";
				TARGETED_DEVICE_FAMILY = "1,2";
			};
			name = Debug;
		};
		75A67A3B1E98955800B70520 /* Release */ = {
			isa = XCBuildConfiguration;
			buildSettings = {
				ALWAYS_SEARCH_USER_PATHS = NO;
				CLANG_ANALYZER_NONNULL = YES;
				CLANG_CXX_LANGUAGE_STANDARD = "gnu++0x";
				CLANG_CXX_LIBRARY = "libc++";
				CLANG_ENABLE_MODULES = YES;
				CLANG_ENABLE_OBJC_ARC = YES;
				CLANG_WARN_BOOL_CONVERSION = YES;
				CLANG_WARN_CONSTANT_CONVERSION = YES;
				CLANG_WARN_DIRECT_OBJC_ISA_USAGE = YES_ERROR;
				CLANG_WARN_DOCUMENTATION_COMMENTS = YES;
				CLANG_WARN_EMPTY_BODY = YES;
				CLANG_WARN_ENUM_CONVERSION = YES;
				CLANG_WARN_INFINITE_RECURSION = YES;
				CLANG_WARN_INT_CONVERSION = YES;
				CLANG_WARN_OBJC_ROOT_CLASS = YES_ERROR;
				CLANG_WARN_SUSPICIOUS_MOVE = YES;
				CLANG_WARN_UNREACHABLE_CODE = YES;
				CLANG_WARN__DUPLICATE_METHOD_MATCH = YES;
				"CODE_SIGN_IDENTITY[sdk=iphoneos*]" = "iPhone Developer";
				COPY_PHASE_STRIP = NO;
				DEBUG_INFORMATION_FORMAT = "dwarf-with-dsym";
				ENABLE_NS_ASSERTIONS = NO;
				ENABLE_STRICT_OBJC_MSGSEND = YES;
				GCC_C_LANGUAGE_STANDARD = gnu99;
				GCC_NO_COMMON_BLOCKS = YES;
				GCC_WARN_64_TO_32_BIT_CONVERSION = YES;
				GCC_WARN_ABOUT_RETURN_TYPE = YES_ERROR;
				GCC_WARN_UNDECLARED_SELECTOR = YES;
				GCC_WARN_UNINITIALIZED_AUTOS = YES_AGGRESSIVE;
				GCC_WARN_UNUSED_FUNCTION = YES;
				GCC_WARN_UNUSED_VARIABLE = YES;
				IPHONEOS_DEPLOYMENT_TARGET = 10.2;
				MTL_ENABLE_DEBUG_INFO = NO;
				SDKROOT = iphoneos;
				SWIFT_OPTIMIZATION_LEVEL = "-Owholemodule";
				TARGETED_DEVICE_FAMILY = "1,2";
				VALIDATE_PRODUCT = YES;
			};
			name = Release;
		};
		75A67A3D1E98955800B70520 /* Debug */ = {
			isa = XCBuildConfiguration;
			baseConfigurationReference = 7F058D0CDC6AB81B41375228 /* Pods-TestFBAPI.debug.xcconfig */;
			buildSettings = {
				ASSETCATALOG_COMPILER_APPICON_NAME = AppIcon;
				INFOPLIST_FILE = TestFBAPI/Info.plist;
				LD_RUNPATH_SEARCH_PATHS = "$(inherited) @executable_path/Frameworks";
				PRODUCT_BUNDLE_IDENTIFIER = com.Richard.TestFBAPI;
				PRODUCT_NAME = "$(TARGET_NAME)";
				SWIFT_VERSION = 3.0;
			};
			name = Debug;
		};
		75A67A3E1E98955800B70520 /* Release */ = {
			isa = XCBuildConfiguration;
			baseConfigurationReference = 4FA9F18B45A47381FFE0742F /* Pods-TestFBAPI.release.xcconfig */;
			buildSettings = {
				ASSETCATALOG_COMPILER_APPICON_NAME = AppIcon;
				INFOPLIST_FILE = TestFBAPI/Info.plist;
				LD_RUNPATH_SEARCH_PATHS = "$(inherited) @executable_path/Frameworks";
				PRODUCT_BUNDLE_IDENTIFIER = com.Richard.TestFBAPI;
				PRODUCT_NAME = "$(TARGET_NAME)";
				SWIFT_VERSION = 3.0;
			};
			name = Release;
		};
/* End XCBuildConfiguration section */

/* Begin XCConfigurationList section */
		75A67A251E98955600B70520 /* Build configuration list for PBXProject "TestFBAPI" */ = {
			isa = XCConfigurationList;
			buildConfigurations = (
				75A67A3A1E98955800B70520 /* Debug */,
				75A67A3B1E98955800B70520 /* Release */,
			);
			defaultConfigurationIsVisible = 0;
			defaultConfigurationName = Release;
		};
		75A67A3C1E98955800B70520 /* Build configuration list for PBXNativeTarget "TestFBAPI" */ = {
			isa = XCConfigurationList;
			buildConfigurations = (
				75A67A3D1E98955800B70520 /* Debug */,
				75A67A3E1E98955800B70520 /* Release */,
			);
			defaultConfigurationIsVisible = 0;
			defaultConfigurationName = Release;
		};
/* End XCConfigurationList section */
	};
	rootObject = 75A67A221E98955600B70520 /* Project object */;
}
